---
lockfileVersion: '9.0'

importers:

  .:
    configDependencies: {}
    packageManagerDependencies:
      pnpm:
        specifier: 12.3.4
        version: 12.3.4

packages:

  '@pnpm/exe.darwin-arm64@12.3.4':
    resolution: {integrity: sha512-PAyUol8T1+/+ViOiXAt51ECA+QnfXCqz6foL4bW+LsoX0NcVd5XVEM2mRQu+LV4oc7uRz9zf9U0P+XFfuQeDAw==}
    cpu: [arm64]
    os: [darwin]

  '@pnpm/exe.darwin-x64@12.3.4':
    resolution: {integrity: sha512-fxP9JCk0Cdye+ePuj+GJJLMUMTqHGWRdb1dtv4How876uQ2ehxvenpgiYAir/ceO9PsYUZkFTtyZdx+rRu5QOA==}
    cpu: [x64]
    os: [darwin]

  '@pnpm/exe.linux-arm64-musl@12.3.4':
    resolution: {integrity: sha512-FBOt0/7ye6O6q4AllVV5QMviB6qE6fqkeczV/+MDWQsmo+QJrlfsh6X7CpH/tClVpBZEyIbjpUoT8bNhCYBxEg==}
    cpu: [arm64]
    os: [linux]
    libc: [musl]

  '@pnpm/exe.linux-arm64@12.3.4':
    resolution: {integrity: sha512-t71AVA7LRqiKTyZ5xMYaZc2n5DfdpMbfokZuiIOXHBOM03ECnF0t4iYwaBDqJgVjlKYUOwaF/bRQajGNA4cJ4w==}
    cpu: [arm64]
    os: [linux]
    libc: [glibc]

  '@pnpm/exe.linux-x64-musl@12.3.4':
    resolution: {integrity: sha512-RPmk7Jb/aYaFvL2iyDN/AtMY+hUEsue732WmXpcuQ9tBpMnGyA5py7Z3+e+qmQaJ0zY/4ni9jJiyPBQHujmv6w==}
    cpu: [x64]
    os: [linux]
    libc: [musl]

  '@pnpm/exe.linux-x64@12.3.4':
    resolution: {integrity: sha512-2ZqOlSPkfwX1h5cR+FPiWf8+F+2hZT/3TvhUK5sigHqwaQCIiq8R7CGxhndKs63JtcLi2a1Qpo+wX/EoyfjyJQ==}
    cpu: [x64]
    os: [linux]
    libc: [glibc]

  '@pnpm/exe.win32-arm64@12.3.4':
    resolution: {integrity: sha512-ANyrHqyqco6SXBysUTRF74itDyyraea7IbFsKFdNXTjcFnfycTDx37EwuhdpPYFNSIh2JhUG4fByclsRfiHX7w==}
    cpu: [arm64]
    os: [win32]

  '@pnpm/exe.win32-x64@12.3.4':
    resolution: {integrity: sha512-WH/KqBPY/hq2Tb7SgQltEZytimcjgKRaCRL/aM9CI0c67iKc5TVmHUhIiL3Ux9FB4bWn36i6XewUcScQI+zG8w==}
    cpu: [x64]
    os: [win32]

  pnpm@12.3.4:
    resolution: {integrity: sha512-lhqkH7B32joEpEHZ+OFevAyW2o73ELLrZ7+e58sGEOq9SPH9hfUc/+c4RnhfoPh8VqOocqHYk/hEZ0G1zORUVw==}
    engines: {node: '>=18.*'}
    hasBin: true

snapshots:

  '@pnpm/exe.darwin-arm64@12.3.4':
    optional: true

  '@pnpm/exe.darwin-x64@12.3.4':
    optional: true

  '@pnpm/exe.linux-arm64-musl@12.3.4':
    optional: true

  '@pnpm/exe.linux-arm64@12.3.4':
    optional: true

  '@pnpm/exe.linux-x64-musl@12.3.4':
    optional: true

  '@pnpm/exe.linux-x64@12.3.4':
    optional: true

  '@pnpm/exe.win32-arm64@12.3.4':
    optional: true

  '@pnpm/exe.win32-x64@12.3.4':
    optional: true

  pnpm@12.3.4:
    optionalDependencies:
      '@pnpm/exe.darwin-arm64': 12.3.4
      '@pnpm/exe.darwin-x64': 12.3.4
      '@pnpm/exe.linux-arm64': 12.3.4
      '@pnpm/exe.linux-arm64-musl': 12.3.4
      '@pnpm/exe.linux-x64': 12.3.4
      '@pnpm/exe.linux-x64-musl': 12.3.4
      '@pnpm/exe.win32-arm64': 12.3.4
      '@pnpm/exe.win32-x64': 12.3.4

---
lockfileVersion: '9.0'

settings:
  autoInstallPeers: true
  excludeLinksFromLockfile: false

importers:

  .:
    devDependencies:
      '@bufbuild/buf':
        specifier: 1.72.0
        version: 1.72.0

packages:

  '@bufbuild/buf-darwin-arm64@1.72.0':
    resolution: {integrity: sha512-rKHRvjwAThapxIoOn92vIoTjYSz5FmRemDRLU4BYT4T6QWMEC13PM3/pPnqVgsNKZ5aW7iYDm9ztnisEqSi5yA==}
    engines: {node: '>=12'}
    cpu: [arm64]
    os: [darwin]

  '@bufbuild/buf-darwin-x64@1.72.0':
    resolution: {integrity: sha512-4TQ1AGft8sGspNg9NMsEjsKKis7nGaVV8tZLnNa3cKUBmx22gwOnB6VRhgKWwjf+BDqr85lUEzQ6wHCboNUutg==}
    engines: {node: '>=12'}
    cpu: [x64]
    os: [darwin]

  '@bufbuild/buf-linux-aarch64@1.72.0':
    resolution: {integrity: sha512-cbIsUcgM5bHhbZWcDaAXqaYOAi8N0c0u+NiDydwVmZ04Et3s1EZ3TDqfQDRzwvoBPDP+lsO6YuTRXX6nI28x4w==}
    engines: {node: '>=12'}
    cpu: [arm64]
    os: [linux]

  '@bufbuild/buf-linux-armv7@1.72.0':
    resolution: {integrity: sha512-v/bXVsFL8YNm2HgosGb9r3+nAt4jQiUc3r3JipYuiVY3DAJZAjoEvcak6/BkxQMTEQz9Zb8gRRlule9IFkbc5g==}
    engines: {node: '>=12'}
    cpu: [arm]
    os: [linux]

  '@bufbuild/buf-linux-x64@1.72.0':
    resolution: {integrity: sha512-4xHGXEjqFxo1wX1zMGq4CzhYt5++nrj4C7k30j+YmGtvqCnipfdSe+V6kknBYRfYswVZEUwUbQOh6pnMTcGcrA==}
    engines: {node: '>=12'}
    cpu: [x64]
    os: [linux]

  '@bufbuild/buf-win32-arm64@1.72.0':
    resolution: {integrity: sha512-WH7ClsoB9A0e/5fFhx0DLqLzillYPRdHBhlwzihgvjGci0bBdyJVHSQGf0B9uspCMU6sn6W/N1S9/2vvQBNMug==}
    engines: {node: '>=12'}
    cpu: [arm64]
    os: [win32]

  '@bufbuild/buf-win32-x64@1.72.0':
    resolution: {integrity: sha512-X3eWqFzhDmu8CYQZz+Fu7i+PgH+yUl8UwJ5+x+bhZRYAIdcijikthodk60c5u/qq42m1Z2XAnAGyp/mTf7IffA==}
    engines: {node: '>=12'}
    cpu: [x64]
    os: [win32]

  '@bufbuild/buf@1.72.0':
    resolution: {integrity: sha512-BwBKTX/WXkhAhqWJGrEKnqU03/4tK1O0OozSlwUMBCOEo8pLL3xu3M24RT3+umExEeM0wjlANO6axqGWMqtt4Q==}
    engines: {node: '>=12'}
    hasBin: true

snapshots:

  '@bufbuild/buf-darwin-arm64@1.72.0':
    optional: true

  '@bufbuild/buf-darwin-x64@1.72.0':
    optional: true

  '@bufbuild/buf-linux-aarch64@1.72.0':
    optional: true

  '@bufbuild/buf-linux-armv7@1.72.0':
    optional: true

  '@bufbuild/buf-linux-x64@1.72.0':
    optional: true

  '@bufbuild/buf-win32-arm64@1.72.0':
    optional: true

  '@bufbuild/buf-win32-x64@1.72.0':
    optional: true

  '@bufbuild/buf@1.72.0':
    optionalDependencies:
      '@bufbuild/buf-darwin-arm64': 1.72.0
      '@bufbuild/buf-darwin-x64': 1.72.0
      '@bufbuild/buf-linux-aarch64': 1.72.0
      '@bufbuild/buf-linux-armv7': 1.72.0
      '@bufbuild/buf-linux-x64': 1.72.0
      '@bufbuild/buf-win32-arm64': 1.72.0
      '@bufbuild/buf-win32-x64': 1.72.0
